// !$*UTF8*$!
{
	archiveVersion = 1;
	classes = {
	};
	objectVersion = 56;
	objects = {

/* Begin PBXBuildFile section */
		A10000000000000000000001 /* SottoiPadApp.swift in Sources */ = {isa = PBXBuildFile; fileRef = A20000000000000000000001 /* SottoiPadApp.swift */; };
		A10000000000000000000002 /* SottoAppModel.swift in Sources */ = {isa = PBXBuildFile; fileRef = A20000000000000000000002 /* SottoAppModel.swift */; };
		A10000000000000000000003 /* RootView.swift in Sources */ = {isa = PBXBuildFile; fileRef = A20000000000000000000003 /* RootView.swift */; };
		A10000000000000000000004 /* SottoTheme.swift in Sources */ = {isa = PBXBuildFile; fileRef = A20000000000000000000004 /* SottoTheme.swift */; };
		A1000000000000000000000F /* SottoBrandMark.swift in Sources */ = {isa = PBXBuildFile; fileRef = A2000000000000000000000F /* SottoBrandMark.swift */; };
		A10000000000000000000005 /* SottoModels.swift in Sources */ = {isa = PBXBuildFile; fileRef = A20000000000000000000005 /* SottoModels.swift */; };
		A10000000000000000000006 /* SottoAPIClient.swift in Sources */ = {isa = PBXBuildFile; fileRef = A20000000000000000000006 /* SottoAPIClient.swift */; };
		A10000000000000000000007 /* CredentialStore.swift in Sources */ = {isa = PBXBuildFile; fileRef = A20000000000000000000007 /* CredentialStore.swift */; };
		A10000000000000000000008 /* PairingView.swift in Sources */ = {isa = PBXBuildFile; fileRef = A20000000000000000000008 /* PairingView.swift */; };
		A10000000000000000000009 /* CourseListView.swift in Sources */ = {isa = PBXBuildFile; fileRef = A20000000000000000000009 /* CourseListView.swift */; };
		A10000000000000000000015 /* CourseWorkspacePanels.swift in Sources */ = {isa = PBXBuildFile; fileRef = A20000000000000000000015 /* CourseWorkspacePanels.swift */; };
		A1000000000000000000000A /* ClassSessionView.swift in Sources */ = {isa = PBXBuildFile; fileRef = A2000000000000000000000A /* ClassSessionView.swift */; };
		A10000000000000000000010 /* ClassSessionIntroView.swift in Sources */ = {isa = PBXBuildFile; fileRef = A20000000000000000000010 /* ClassSessionIntroView.swift */; };
		A10000000000000000000011 /* ClassSessionSectionViews.swift in Sources */ = {isa = PBXBuildFile; fileRef = A20000000000000000000011 /* ClassSessionSectionViews.swift */; };
		A10000000000000000000012 /* ClassSessionSelectionViews.swift in Sources */ = {isa = PBXBuildFile; fileRef = A20000000000000000000012 /* ClassSessionSelectionViews.swift */; };
		A10000000000000000000013 /* ClassPDFExporter.swift in Sources */ = {isa = PBXBuildFile; fileRef = A20000000000000000000013 /* ClassPDFExporter.swift */; };
		A10000000000000000000014 /* ClassSpeakingPracticeView.swift in Sources */ = {isa = PBXBuildFile; fileRef = A20000000000000000000014 /* ClassSpeakingPracticeView.swift */; };
		A1000000000000000000000B /* PracticeStartView.swift in Sources */ = {isa = PBXBuildFile; fileRef = A2000000000000000000000B /* PracticeStartView.swift */; };
		A1000000000000000000000C /* WorkbookView.swift in Sources */ = {isa = PBXBuildFile; fileRef = A2000000000000000000000C /* WorkbookView.swift */; };
		A1000000000000000000000D /* ProfileSelectionView.swift in Sources */ = {isa = PBXBuildFile; fileRef = A2000000000000000000000E /* ProfileSelectionView.swift */; };
/* End PBXBuildFile section */

/* Begin PBXFileReference section */
		A20000000000000000000000 /* SottoiPad.app */ = {isa = PBXFileReference; explicitFileType = wrapper.application; includeInIndex = 0; path = SottoiPad.app; sourceTree = BUILT_PRODUCTS_DIR; };
		A20000000000000000000001 /* SottoiPadApp.swift */ = {isa = PBXFileReference; lastKnownFileType = sourcecode.swift; path = SottoiPadApp.swift; sourceTree = "<group>"; };
		A20000000000000000000002 /* SottoAppModel.swift */ = {isa = PBXFileReference; lastKnownFileType = sourcecode.swift; path = SottoAppModel.swift; sourceTree = "<group>"; };
		A20000000000000000000003 /* RootView.swift */ = {isa = PBXFileReference; lastKnownFileType = sourcecode.swift; path = RootView.swift; sourceTree = "<group>"; };
		A20000000000000000000004 /* SottoTheme.swift */ = {isa = PBXFileReference; lastKnownFileType = sourcecode.swift; path = SottoTheme.swift; sourceTree = "<group>"; };
		A2000000000000000000000F /* SottoBrandMark.swift */ = {isa = PBXFileReference; lastKnownFileType = sourcecode.swift; path = SottoBrandMark.swift; sourceTree = "<group>"; };
		A20000000000000000000005 /* SottoModels.swift */ = {isa = PBXFileReference; lastKnownFileType = sourcecode.swift; path = SottoModels.swift; sourceTree = "<group>"; };
		A20000000000000000000006 /* SottoAPIClient.swift */ = {isa = PBXFileReference; lastKnownFileType = sourcecode.swift; path = SottoAPIClient.swift; sourceTree = "<group>"; };
		A20000000000000000000007 /* CredentialStore.swift */ = {isa = PBXFileReference; lastKnownFileType = sourcecode.swift; path = CredentialStore.swift; sourceTree = "<group>"; };
		A20000000000000000000008 /* PairingView.swift */ = {isa = PBXFileReference; lastKnownFileType = sourcecode.swift; path = PairingView.swift; sourceTree = "<group>"; };
		A20000000000000000000009 /* CourseListView.swift */ = {isa = PBXFileReference; lastKnownFileType = sourcecode.swift; path = CourseListView.swift; sourceTree = "<group>"; };
		A20000000000000000000015 /* CourseWorkspacePanels.swift */ = {isa = PBXFileReference; lastKnownFileType = sourcecode.swift; path = CourseWorkspacePanels.swift; sourceTree = "<group>"; };
		A2000000000000000000000A /* ClassSessionView.swift */ = {isa = PBXFileReference; lastKnownFileType = sourcecode.swift; path = ClassSessionView.swift; sourceTree = "<group>"; };
		A20000000000000000000010 /* ClassSessionIntroView.swift */ = {isa = PBXFileReference; lastKnownFileType = sourcecode.swift; path = ClassSessionIntroView.swift; sourceTree = "<group>"; };
		A20000000000000000000011 /* ClassSessionSectionViews.swift */ = {isa = PBXFileReference; lastKnownFileType = sourcecode.swift; path = ClassSessionSectionViews.swift; sourceTree = "<group>"; };
		A20000000000000000000012 /* ClassSessionSelectionViews.swift */ = {isa = PBXFileReference; lastKnownFileType = sourcecode.swift; path = ClassSessionSelectionViews.swift; sourceTree = "<group>"; };
		A20000000000000000000013 /* ClassPDFExporter.swift */ = {isa = PBXFileReference; lastKnownFileType = sourcecode.swift; path = ClassPDFExporter.swift; sourceTree = "<group>"; };
		A20000000000000000000014 /* ClassSpeakingPracticeView.swift */ = {isa = PBXFileReference; lastKnownFileType = sourcecode.swift; path = ClassSpeakingPracticeView.swift; sourceTree = "<group>"; };
		A2000000000000000000000B /* PracticeStartView.swift */ = {isa = PBXFileReference; lastKnownFileType = sourcecode.swift; path = PracticeStartView.swift; sourceTree = "<group>"; };
		A2000000000000000000000C /* WorkbookView.swift */ = {isa = PBXFileReference; lastKnownFileType = sourcecode.swift; path = WorkbookView.swift; sourceTree = "<group>"; };
		A2000000000000000000000D /* Info.plist */ = {isa = PBXFileReference; lastKnownFileType = text.plist.xml; path = Info.plist; sourceTree = "<group>"; };
		A2000000000000000000000E /* ProfileSelectionView.swift */ = {isa = PBXFileReference; lastKnownFileType = sourcecode.swift; path = ProfileSelectionView.swift; sourceTree = "<group>"; };
/* End PBXFileReference section */

/* Begin PBXFrameworksBuildPhase section */
		A30000000000000000000001 /* Frameworks */ = {
			isa = PBXFrameworksBuildPhase;
			buildActionMask = 2147483647;
			files = (
			);
			runOnlyForDeploymentPostprocessing = 0;
		};
/* End PBXFrameworksBuildPhase section */

/* Begin PBXGroup section */
		A40000000000000000000001 = {
			isa = PBXGroup;
			children = (
				A40000000000000000000003 /* SottoiPad */,
				A40000000000000000000002 /* Products */,
			);
			sourceTree = "<group>";
		};
		A40000000000000000000002 /* Products */ = {
			isa = PBXGroup;
			children = (
				A20000000000000000000000 /* SottoiPad.app */,
			);
			name = Products;
			sourceTree = "<group>";
		};
		A40000000000000000000003 /* SottoiPad */ = {
			isa = PBXGroup;
			children = (
				A2000000000000000000000D /* Info.plist */,
				A40000000000000000000004 /* App */,
				A40000000000000000000005 /* Design */,
				A40000000000000000000006 /* Models */,
				A40000000000000000000007 /* Networking */,
				A40000000000000000000008 /* Storage */,
				A40000000000000000000009 /* Views */,
			);
			path = SottoiPad;
			sourceTree = "<group>";
		};
		A40000000000000000000004 /* App */ = {
			isa = PBXGroup;
			children = (
				A20000000000000000000001 /* SottoiPadApp.swift */,
				A20000000000000000000002 /* SottoAppModel.swift */,
				A20000000000000000000003 /* RootView.swift */,
			);
			path = App;
			sourceTree = "<group>";
		};
		A40000000000000000000005 /* Design */ = {
			isa = PBXGroup;
			children = (
				A20000000000000000000004 /* SottoTheme.swift */,
				A2000000000000000000000F /* SottoBrandMark.swift */,
			);
			path = Design;
			sourceTree = "<group>";
		};
		A40000000000000000000006 /* Models */ = {
			isa = PBXGroup;
			children = (
				A20000000000000000000005 /* SottoModels.swift */,
			);
			path = Models;
			sourceTree = "<group>";
		};
		A40000000000000000000007 /* Networking */ = {
			isa = PBXGroup;
			children = (
				A20000000000000000000006 /* SottoAPIClient.swift */,
			);
			path = Networking;
			sourceTree = "<group>";
		};
		A40000000000000000000008 /* Storage */ = {
			isa = PBXGroup;
			children = (
				A20000000000000000000007 /* CredentialStore.swift */,
			);
			path = Storage;
			sourceTree = "<group>";
		};
		A40000000000000000000009 /* Views */ = {
			isa = PBXGroup;
			children = (
				A4000000000000000000000A /* Pairing */,
				A4000000000000000000000E /* Profile */,
				A4000000000000000000000B /* Learn */,
				A4000000000000000000000C /* Practice */,
				A4000000000000000000000D /* Workbook */,
			);
			path = Views;
			sourceTree = "<group>";
		};
		A4000000000000000000000A /* Pairing */ = {
			isa = PBXGroup;
			children = (
				A20000000000000000000008 /* PairingView.swift */,
			);
			path = Pairing;
			sourceTree = "<group>";
		};
		A4000000000000000000000B /* Learn */ = {
			isa = PBXGroup;
			children = (
				A20000000000000000000009 /* CourseListView.swift */,
				A20000000000000000000015 /* CourseWorkspacePanels.swift */,
				A2000000000000000000000A /* ClassSessionView.swift */,
				A20000000000000000000010 /* ClassSessionIntroView.swift */,
				A20000000000000000000011 /* ClassSessionSectionViews.swift */,
				A20000000000000000000012 /* ClassSessionSelectionViews.swift */,
				A20000000000000000000013 /* ClassPDFExporter.swift */,
				A20000000000000000000014 /* ClassSpeakingPracticeView.swift */,
			);
			path = Learn;
			sourceTree = "<group>";
		};
		A4000000000000000000000E /* Profile */ = {
			isa = PBXGroup;
			children = (
				A2000000000000000000000E /* ProfileSelectionView.swift */,
			);
			path = Profile;
			sourceTree = "<group>";
		};
		A4000000000000000000000C /* Practice */ = {
			isa = PBXGroup;
			children = (
				A2000000000000000000000B /* PracticeStartView.swift */,
			);
			path = Practice;
			sourceTree = "<group>";
		};
		A4000000000000000000000D /* Workbook */ = {
			isa = PBXGroup;
			children = (
				A2000000000000000000000C /* WorkbookView.swift */,
			);
			path = Workbook;
			sourceTree = "<group>";
		};
/* End PBXGroup section */

/* Begin PBXNativeTarget section */
		A50000000000000000000001 /* SottoiPad */ = {
			isa = PBXNativeTarget;
			buildConfigurationList = A90000000000000000000003 /* Build configuration list for PBXNativeTarget "SottoiPad" */;
			buildPhases = (
				A30000000000000000000002 /* Sources */,
				A30000000000000000000001 /* Frameworks */,
				A30000000000000000000003 /* Resources */,
			);
			buildRules = (
			);
			dependencies = (
			);
			name = SottoiPad;
			productName = SottoiPad;
			productReference = A20000000000000000000000 /* SottoiPad.app */;
			productType = "com.apple.product-type.application";
		};
/* End PBXNativeTarget section */

/* Begin PBXProject section */
		A60000000000000000000001 /* Project object */ = {
			isa = PBXProject;
			attributes = {
				BuildIndependentTargetsInParallel = 1;
				LastSwiftUpdateCheck = 1600;
				LastUpgradeCheck = 1600;
				TargetAttributes = {
					A50000000000000000000001 = {
						CreatedOnToolsVersion = 16.0;
					};
				};
			};
			buildConfigurationList = A90000000000000000000001 /* Build configuration list for PBXProject "SottoiPad" */;
			compatibilityVersion = "Xcode 14.0";
			developmentRegion = en;
			hasScannedForEncodings = 0;
			knownRegions = (
				en,
				Base,
			);
			mainGroup = A40000000000000000000001;
			productRefGroup = A40000000000000000000002 /* Products */;
			projectDirPath = "";
			projectRoot = "";
			targets = (
				A50000000000000000000001 /* SottoiPad */,
			);
		};
/* End PBXProject section */

/* Begin PBXResourcesBuildPhase section */
		A30000000000000000000003 /* Resources */ = {
			isa = PBXResourcesBuildPhase;
			buildActionMask = 2147483647;
			files = (
			);
			runOnlyForDeploymentPostprocessing = 0;
		};
/* End PBXResourcesBuildPhase section */

/* Begin PBXSourcesBuildPhase section */
		A30000000000000000000002 /* Sources */ = {
			isa = PBXSourcesBuildPhase;
			buildActionMask = 2147483647;
			files = (
				A10000000000000000000001 /* SottoiPadApp.swift in Sources */,
				A10000000000000000000002 /* SottoAppModel.swift in Sources */,
				A10000000000000000000003 /* RootView.swift in Sources */,
				A10000000000000000000004 /* SottoTheme.swift in Sources */,
				A1000000000000000000000F /* SottoBrandMark.swift in Sources */,
				A10000000000000000000005 /* SottoModels.swift in Sources */,
				A10000000000000000000006 /* SottoAPIClient.swift in Sources */,
				A10000000000000000000007 /* CredentialStore.swift in Sources */,
				A10000000000000000000008 /* PairingView.swift in Sources */,
				A10000000000000000000009 /* CourseListView.swift in Sources */,
				A10000000000000000000015 /* CourseWorkspacePanels.swift in Sources */,
				A1000000000000000000000A /* ClassSessionView.swift in Sources */,
				A10000000000000000000010 /* ClassSessionIntroView.swift in Sources */,
				A10000000000000000000011 /* ClassSessionSectionViews.swift in Sources */,
				A10000000000000000000012 /* ClassSessionSelectionViews.swift in Sources */,
				A10000000000000000000013 /* ClassPDFExporter.swift in Sources */,
				A10000000000000000000014 /* ClassSpeakingPracticeView.swift in Sources */,
				A1000000000000000000000B /* PracticeStartView.swift in Sources */,
				A1000000000000000000000C /* WorkbookView.swift in Sources */,
				A1000000000000000000000D /* ProfileSelectionView.swift in Sources */,
			);
			runOnlyForDeploymentPostprocessing = 0;
		};
/* End PBXSourcesBuildPhase section */

/* Begin XCBuildConfiguration section */
		A70000000000000000000001 /* Debug */ = {
			isa = XCBuildConfiguration;
			buildSettings = {
				ALWAYS_SEARCH_USER_PATHS = NO;
				CLANG_ANALYZER_NONNULL = YES;
				CLANG_ANALYZER_NUMBER_OBJECT_CONVERSION = YES_AGGRESSIVE;
				CLANG_CXX_LANGUAGE_STANDARD = "gnu++20";
				CLANG_ENABLE_MODULES = YES;
				CLANG_ENABLE_OBJC_ARC = YES;
				CLANG_ENABLE_OBJC_WEAK = YES;
				CLANG_WARN_BLOCK_CAPTURE_AUTORELEASING = YES;
				CLANG_WARN_BOOL_CONVERSION = YES;
				CLANG_WARN_COMMA = YES;
				CLANG_WARN_CONSTANT_CONVERSION = YES;
				CLANG_WARN_DEPRECATED_OBJC_IMPLEMENTATIONS = YES;
				CLANG_WARN_DIRECT_OBJC_ISA_USAGE = YES_ERROR;
				CLANG_WARN_DOCUMENTATION_COMMENTS = YES;
				CLANG_WARN_EMPTY_BODY = YES;
				CLANG_WARN_ENUM_CONVERSION = YES;
				CLANG_WARN_INFINITE_RECURSION = YES;
				CLANG_WARN_INT_CONVERSION = YES;
				CLANG_WARN_NON_LITERAL_NULL_CONVERSION = YES;
				CLANG_WARN_OBJC_IMPLICIT_RETAIN_SELF = YES;
				CLANG_WARN_OBJC_LITERAL_CONVERSION = YES;
				CLANG_WARN_OBJC_ROOT_CLASS = YES_ERROR;
				CLANG_WARN_QUOTED_INCLUDE_IN_FRAMEWORK_HEADER = YES;
				CLANG_WARN_RANGE_LOOP_ANALYSIS = YES;
				CLANG_WARN_STRICT_PROTOTYPES = YES;
				CLANG_WARN_SUSPICIOUS_MOVE = YES;
				CLANG_WARN_UNGUARDED_AVAILABILITY = YES_AGGRESSIVE;
				CLANG_WARN_UNREACHABLE_CODE = YES;
				CLANG_WARN__DUPLICATE_METHOD_MATCH = YES;
				COPY_PHASE_STRIP = NO;
				DEBUG_INFORMATION_FORMAT = dwarf;
				ENABLE_STRICT_OBJC_MSGSEND = YES;
				ENABLE_TESTABILITY = YES;
				GCC_C_LANGUAGE_STANDARD = gnu17;
				GCC_DYNAMIC_NO_PIC = NO;
				GCC_NO_COMMON_BLOCKS = YES;
				GCC_OPTIMIZATION_LEVEL = 0;
				GCC_PREPROCESSOR_DEFINITIONS = (
					"DEBUG=1",
					"$(inherited)",
				);
				GCC_WARN_64_TO_32_BIT_CONVERSION = YES;
				GCC_WARN_ABOUT_RETURN_TYPE = YES_ERROR;
				GCC_WARN_UNDECLARED_SELECTOR = YES;
				GCC_WARN_UNINITIALIZED_AUTOS = YES_AGGRESSIVE;
				GCC_WARN_UNUSED_FUNCTION = YES;
				GCC_WARN_UNUSED_VARIABLE = YES;
				IPHONEOS_DEPLOYMENT_TARGET = 18.0;
				MTL_ENABLE_DEBUG_INFO = INCLUDE_SOURCE;
				MTL_FAST_MATH = YES;
				ONLY_ACTIVE_ARCH = YES;
				SDKROOT = iphoneos;
				SWIFT_ACTIVE_COMPILATION_CONDITIONS = DEBUG;
				SWIFT_OPTIMIZATION_LEVEL = "-Onone";
			};
			name = Debug;
		};
		A70000000000000000000002 /* Release */ = {
			isa = XCBuildConfiguration;
			buildSettings = {
				ALWAYS_SEARCH_USER_PATHS = NO;
				CLANG_ANALYZER_NONNULL = YES;
				CLANG_ANALYZER_NUMBER_OBJECT_CONVERSION = YES_AGGRESSIVE;
				CLANG_CXX_LANGUAGE_STANDARD = "gnu++20";
				CLANG_ENABLE_MODULES = YES;
				CLANG_ENABLE_OBJC_ARC = YES;
				CLANG_ENABLE_OBJC_WEAK = YES;
				CLANG_WARN_BLOCK_CAPTURE_AUTORELEASING = YES;
				CLANG_WARN_BOOL_CONVERSION = YES;
				CLANG_WARN_COMMA = YES;
				CLANG_WARN_CONSTANT_CONVERSION = YES;
				CLANG_WARN_DEPRECATED_OBJC_IMPLEMENTATIONS = YES;
				CLANG_WARN_DIRECT_OBJC_ISA_USAGE = YES_ERROR;
				CLANG_WARN_DOCUMENTATION_COMMENTS = YES;
				CLANG_WARN_EMPTY_BODY = YES;
				CLANG_WARN_ENUM_CONVERSION = YES;
				CLANG_WARN_INFINITE_RECURSION = YES;
				CLANG_WARN_INT_CONVERSION = YES;
				CLANG_WARN_NON_LITERAL_NULL_CONVERSION = YES;
				CLANG_WARN_OBJC_IMPLICIT_RETAIN_SELF = YES;
				CLANG_WARN_OBJC_LITERAL_CONVERSION = YES;
				CLANG_WARN_OBJC_ROOT_CLASS = YES_ERROR;
				CLANG_WARN_QUOTED_INCLUDE_IN_FRAMEWORK_HEADER = YES;
				CLANG_WARN_RANGE_LOOP_ANALYSIS = YES;
				CLANG_WARN_STRICT_PROTOTYPES = YES;
				CLANG_WARN_SUSPICIOUS_MOVE = YES;
				CLANG_WARN_UNGUARDED_AVAILABILITY = YES_AGGRESSIVE;
				CLANG_WARN_UNREACHABLE_CODE = YES;
				CLANG_WARN__DUPLICATE_METHOD_MATCH = YES;
				COPY_PHASE_STRIP = NO;
				DEBUG_INFORMATION_FORMAT = "dwarf-with-dsym";
				ENABLE_NS_ASSERTIONS = NO;
				ENABLE_STRICT_OBJC_MSGSEND = YES;
				GCC_C_LANGUAGE_STANDARD = gnu17;
				GCC_NO_COMMON_BLOCKS = YES;
				GCC_WARN_64_TO_32_BIT_CONVERSION = YES;
				GCC_WARN_ABOUT_RETURN_TYPE = YES_ERROR;
				GCC_WARN_UNDECLARED_SELECTOR = YES;
				GCC_WARN_UNINITIALIZED_AUTOS = YES_AGGRESSIVE;
				GCC_WARN_UNUSED_FUNCTION = YES;
				GCC_WARN_UNUSED_VARIABLE = YES;
				IPHONEOS_DEPLOYMENT_TARGET = 18.0;
				MTL_ENABLE_DEBUG_INFO = NO;
				MTL_FAST_MATH = YES;
				SDKROOT = iphoneos;
				SWIFT_COMPILATION_MODE = wholemodule;
				VALIDATE_PRODUCT = YES;
			};
			name = Release;
		};
		A80000000000000000000001 /* Debug */ = {
			isa = XCBuildConfiguration;
			buildSettings = {
				CODE_SIGN_STYLE = Automatic;
				CURRENT_PROJECT_VERSION = 1;
				DEVELOPMENT_TEAM = X6V9878QBS;
				GENERATE_INFOPLIST_FILE = NO;
				INFOPLIST_FILE = SottoiPad/Info.plist;
				IPHONEOS_DEPLOYMENT_TARGET = 18.0;
				LD_RUNPATH_SEARCH_PATHS = (
					"$(inherited)",
					"@executable_path/Frameworks",
				);
				MARKETING_VERSION = 0.1.0;
				PRODUCT_BUNDLE_IDENTIFIER = com.andresromero.sotto.ipad;
				PRODUCT_NAME = "$(TARGET_NAME)";
				SDKROOT = iphoneos;
				SUPPORTED_PLATFORMS = (
					iphoneos,
					iphonesimulator,
				);
				SUPPORTS_MACCATALYST = NO;
				SUPPORTS_MAC_DESIGNED_FOR_IPHONE_IPAD = NO;
				SWIFT_EMIT_LOC_STRINGS = YES;
				SWIFT_VERSION = 5.0;
				TARGETED_DEVICE_FAMILY = 2;
			};
			name = Debug;
		};
		A80000000000000000000002 /* Release */ = {
			isa = XCBuildConfiguration;
			buildSettings = {
				CODE_SIGN_STYLE = Automatic;
				CURRENT_PROJECT_VERSION = 1;
				DEVELOPMENT_TEAM = X6V9878QBS;
				GENERATE_INFOPLIST_FILE = NO;
				INFOPLIST_FILE = SottoiPad/Info.plist;
				IPHONEOS_DEPLOYMENT_TARGET = 18.0;
				LD_RUNPATH_SEARCH_PATHS = (
					"$(inherited)",
					"@executable_path/Frameworks",
				);
				MARKETING_VERSION = 0.1.0;
				PRODUCT_BUNDLE_IDENTIFIER = com.andresromero.sotto.ipad;
				PRODUCT_NAME = "$(TARGET_NAME)";
				SDKROOT = iphoneos;
				SUPPORTED_PLATFORMS = (
					iphoneos,
					iphonesimulator,
				);
				SUPPORTS_MACCATALYST = NO;
				SUPPORTS_MAC_DESIGNED_FOR_IPHONE_IPAD = NO;
				SWIFT_EMIT_LOC_STRINGS = YES;
				SWIFT_VERSION = 5.0;
				TARGETED_DEVICE_FAMILY = 2;
			};
			name = Release;
		};
/* End XCBuildConfiguration section */

/* Begin XCConfigurationList section */
		A90000000000000000000001 /* Build configuration list for PBXProject "SottoiPad" */ = {
			isa = XCConfigurationList;
			buildConfigurations = (
				A70000000000000000000001 /* Debug */,
				A70000000000000000000002 /* Release */,
			);
			defaultConfigurationIsVisible = 0;
			defaultConfigurationName = Release;
		};
		A90000000000000000000003 /* Build configuration list for PBXNativeTarget "SottoiPad" */ = {
			isa = XCConfigurationList;
			buildConfigurations = (
				A80000000000000000000001 /* Debug */,
				A80000000000000000000002 /* Release */,
			);
			defaultConfigurationIsVisible = 0;
			defaultConfigurationName = Release;
		};
/* End XCConfigurationList section */
	};
	rootObject = A60000000000000000000001 /* Project object */;
}
